# THIS IS AN AUTOGENERATED FILE. DO NOT EDIT THIS FILE DIRECTLY.
# yarn lockfile v1


"@babel/runtime@^7.1.2", "@babel/runtime@^7.12.1":
  "integrity" "sha512-JELkvo/DlpNdJ7dlyw/eY7E0suy5i5GQH+Vlxaq1nsNJ+H7f4Vtv3jMeCEgRhZZQFXTjldYfQgv2qmM6M1v5wA=="
  "resolved" "https://registry.npmjs.org/@babel/runtime/-/runtime-7.14.0.tgz"
  "version" "7.14.0"
  dependencies:
    "regenerator-runtime" "^0.13.4"

"axios@^0.21.1":
  "integrity" "sha512-dKQiRHxGD9PPRIUNIWvZhPTPpl1rf/OxTYKsqKUDjBwYylTvV7SjSHJb9ratfyzM6wCdLCOYLzs73qpg5c4iGA=="
  "resolved" "https://registry.npmjs.org/axios/-/axios-0.21.1.tgz"
  "version" "0.21.1"
  dependencies:
    "follow-redirects" "^1.10.0"

"follow-redirects@^1.10.0":
  "integrity" "sha512-0vRwd7RKQBTt+mgu87mtYeofLFZpTas2S9zY+jIeuLJMNvudIgF52nr19q40HOwH5RrhWIPuj9puybzSJiRrVg=="
  "resolved" "https://registry.npmjs.org/follow-redirects/-/follow-redirects-1.14.0.tgz"
  "version" "1.14.0"

"history@^4.9.0":
  "integrity" "sha512-36nwAD620w12kuzPAsyINPWJqlNbij+hpK1k9XRloDtym8mxzGYl2c17LnV6IAGB2Dmg4tEa7G7DlawS0+qjew=="
  "resolved" "https://registry.npmjs.org/history/-/history-4.10.1.tgz"
  "version" "4.10.1"
  dependencies:
    "@babel/runtime" "^7.1.2"
    "loose-envify" "^1.2.0"
    "resolve-pathname" "^3.0.0"
    "tiny-invariant" "^1.0.2"
    "tiny-warning" "^1.0.0"
    "value-equal" "^1.0.1"

"hoist-non-react-statics@^3.1.0":
  "integrity" "sha512-/gGivxi8JPKWNm/W0jSmzcMPpfpPLc3dY/6GxhX2hQ9iGj3aDfklV4ET7NjKpSinLpJ5vafa9iiGIEZg10SfBw=="
  "resolved" "https://registry.npmjs.org/hoist-non-react-statics/-/hoist-non-react-statics-3.3.2.tgz"
  "version" "3.3.2"
  dependencies:
    "react-is" "^16.7.0"

"isarray@0.0.1":
  "integrity" "sha1-ihis/Kmo9Bd+Cav8YDiTmwXR7t8="
  "resolved" "https://registry.npmjs.org/isarray/-/isarray-0.0.1.tgz"
  "version" "0.0.1"

"js-tokens@^3.0.0 || ^4.0.0":
  "integrity" "sha512-RdJUflcE3cUzKiMqQgsCu06FPu9UdIJO0beYbPhHN4k6apgJtifcoCtT9bcxOpYBtpD2kCM6Sbzg4CausW/PKQ=="
  "resolved" "https://registry.npmjs.org/js-tokens/-/js-tokens-4.0.0.tgz"
  "version" "4.0.0"

"loose-envify@^1.1.0", "loose-envify@^1.2.0", "loose-envify@^1.3.1", "loose-envify@^1.4.0":
  "integrity" "sha512-lyuxPGr/Wfhrlem2CL/UcnUc1zcqKAImBDzukY7Y5F/yQiNdko6+fRLevlw1HgMySw7f611UIY408EtxRSoK3Q=="
  "resolved" "https://registry.npmjs.org/loose-envify/-/loose-envify-1.4.0.tgz"
  "version" "1.4.0"
  dependencies:
    "js-tokens" "^3.0.0 || ^4.0.0"

"mini-create-react-context@^0.4.0":
  "integrity" "sha512-YWCYEmd5CQeHGSAKrYvXgmzzkrvssZcuuQDDeqkT+PziKGMgE+0MCCtcKbROzocGBG1meBLl2FotlRwf4gAzbQ=="
  "resolved" "https://registry.npmjs.org/mini-create-react-context/-/mini-create-react-context-0.4.1.tgz"
  "version" "0.4.1"
  dependencies:
    "@babel/runtime" "^7.12.1"
    "tiny-warning" "^1.0.3"

"object-assign@^4.1.1":
  "integrity" "sha1-IQmtx5ZYh8/AXLvUQsrIv7s2CGM="
  "resolved" "https://registry.npmjs.org/object-assign/-/object-assign-4.1.1.tgz"
  "version" "4.1.1"

"path-to-regexp@^1.7.0":
  "integrity" "sha512-n43JRhlUKUAlibEJhPeir1ncUID16QnEjNpwzNdO3Lm4ywrBpBZ5oLD0I6br9evr1Y9JTqwRtAh7JLoOzAQdVA=="
  "resolved" "https://registry.npmjs.org/path-to-regexp/-/path-to-regexp-1.8.0.tgz"
  "version" "1.8.0"
  dependencies:
    "isarray" "0.0.1"

"prop-types@^15.0.0", "prop-types@^15.6.2":
  "integrity" "sha512-8QQikdH7//R2vurIJSutZ1smHYTcLpRWEOlHnzcWHmBYrOGUysKwSsrC89BCiFj3CbrfJ/nXFdJepOVrY1GCHQ=="
  "resolved" "https://registry.npmjs.org/prop-types/-/prop-types-15.7.2.tgz"
  "version" "15.7.2"
  dependencies:
    "loose-envify" "^1.4.0"
    "object-assign" "^4.1.1"
    "react-is" "^16.8.1"

"react-is@^16.6.0", "react-is@^16.7.0", "react-is@^16.8.1":
  "integrity" "sha512-24e6ynE2H+OKt4kqsOvNd8kBpV65zoxbA4BVsEOB3ARVWQki/DHzaUoC5KuON/BiccDaCCTZBuOcfZs70kR8bQ=="
  "resolved" "https://registry.npmjs.org/react-is/-/react-is-16.13.1.tgz"
  "version" "16.13.1"

"react-router-dom@^5.2.0":
  "integrity" "sha512-gxAmfylo2QUjcwxI63RhQ5G85Qqt4voZpUXSEqCwykV0baaOTQDR1f0PmY8AELqIyVc0NEZUj0Gov5lNGcXgsA=="
  "resolved" "https://registry.npmjs.org/react-router-dom/-/react-router-dom-5.2.0.tgz"
  "version" "5.2.0"
  dependencies:
    "@babel/runtime" "^7.1.2"
    "history" "^4.9.0"
    "loose-envify" "^1.3.1"
    "prop-types" "^15.6.2"
    "react-router" "5.2.0"
    "tiny-invariant" "^1.0.2"
    "tiny-warning" "^1.0.0"

"react-router@5.2.0":
  "integrity" "sha512-smz1DUuFHRKdcJC0jobGo8cVbhO3x50tCL4icacOlcwDOEQPq4TMqwx3sY1TP+DvtTgz4nm3thuo7A+BK2U0Dw=="
  "resolved" "https://registry.npmjs.org/react-router/-/react-router-5.2.0.tgz"
  "version" "5.2.0"
  dependencies:
    "@babel/runtime" "^7.1.2"
    "history" "^4.9.0"
    "hoist-non-react-statics" "^3.1.0"
    "loose-envify" "^1.3.1"
    "mini-create-react-context" "^0.4.0"
    "path-to-regexp" "^1.7.0"
    "prop-types" "^15.6.2"
    "react-is" "^16.6.0"
    "tiny-invariant" "^1.0.2"
    "tiny-warning" "^1.0.0"

"react@^0.14.0 || ^15.0.0 || ^16.0.0 || ^17.0.0", "react@>=15":
  "integrity" "sha512-gnhPt75i/dq/z3/6q/0asP78D0u592D5L1pd7M8P+dck6Fu/jJeL6iVVK23fptSUZj8Vjf++7wXA8UNclGQcbA=="
  "resolved" "https://registry.npmjs.org/react/-/react-17.0.2.tgz"
  "version" "17.0.2"
  dependencies:
    "loose-envify" "^1.1.0"
    "object-assign" "^4.1.1"

"regenerator-runtime@^0.13.4":
  "integrity" "sha512-a54FxoJDIr27pgf7IgeQGxmqUNYrcV338lf/6gH456HZ/PhX+5BcwHXG9ajESmwe6WRO0tAzRUrRmNONWgkrew=="
  "resolved" "https://registry.npmjs.org/regenerator-runtime/-/regenerator-runtime-0.13.7.tgz"
  "version" "0.13.7"

"resolve-pathname@^3.0.0":
  "integrity" "sha512-C7rARubxI8bXFNB/hqcp/4iUeIXJhJZvFPFPiSPRnhU5UPxzMFIl+2E6yY6c4k9giDJAhtV+enfA+G89N6Csng=="
  "resolved" "https://registry.npmjs.org/resolve-pathname/-/resolve-pathname-3.0.0.tgz"
  "version" "3.0.0"

"tiny-invariant@^1.0.2":
  "integrity" "sha512-ytxQvrb1cPc9WBEI/HSeYYoGD0kWnGEOR8RY6KomWLBVhqz0RgTwVO9dLrGz7dC+nN9llyI7OKAgRq8Vq4ZBSw=="
  "resolved" "https://registry.npmjs.org/tiny-invariant/-/tiny-invariant-1.1.0.tgz"
  "version" "1.1.0"

"tiny-warning@^1.0.0", "tiny-warning@^1.0.3":
  "integrity" "sha512-lBN9zLN/oAf68o3zNXYrdCt1kP8WsiGW8Oo2ka41b2IM5JL/S1CTyX1rW0mb/zSuJun0ZUrDxx4sqvYS2FWzPA=="
  "resolved" "https://registry.npmjs.org/tiny-warning/-/tiny-warning-1.0.3.tgz"
  "version" "1.0.3"

"value-equal@^1.0.1":
  "integrity" "sha512-NOJ6JZCAWr0zlxZt+xqCHNTEKOsrks2HQd4MqhP1qy4z1SkbEP467eNx6TgDKXMvUOb+OENfJCZwM+16n7fRfw=="
  "resolved" "https://registry.npmjs.org/value-equal/-/value-equal-1.0.1.tgz"
  "version" "1.0.1"

"yarn@^1.22.10":
  "integrity" "sha512-IanQGI9RRPAN87VGTF7zs2uxkSyQSrSPsju0COgbsKQOOXr5LtcVPeyXWgwVa0ywG3d8dg6kSYKGBuYK021qeA=="
  "resolved" "https://registry.npmjs.org/yarn/-/yarn-1.22.10.tgz"
  "version" "1.22.10"
